// !$*UTF8*$!
{
	archiveVersion = 1;
	classes = {
	};
	objectVersion = 46;
	objects = {

/* Begin PBXBuildFile section */
		5D98E72020A87A9900A8F0CD /* ArticleTests.swift in Sources */ = {isa = PBXBuildFile; fileRef = 5D98E71F20A87A9900A8F0CD /* ArticleTests.swift */; };
		5D9B48171C7850EB006894C8 /* AppDelegate.swift in Sources */ = {isa = PBXBuildFile; fileRef = 5D9B48161C7850EB006894C8 /* AppDelegate.swift */; };
		5D9B48191C7850EB006894C8 /* ArticleListViewController.swift in Sources */ = {isa = PBXBuildFile; fileRef = 5D9B48181C7850EB006894C8 /* ArticleListViewController.swift */; };
		5D9B481C1C7850EB006894C8 /* Main.storyboard in Resources */ = {isa = PBXBuildFile; fileRef = 5D9B481A1C7850EB006894C8 /* Main.storyboard */; };
		5D9B481E1C7850EB006894C8 /* Assets.xcassets in Resources */ = {isa = PBXBuildFile; fileRef = 5D9B481D1C7850EB006894C8 /* Assets.xcassets */; };
		5D9B482C1C7850EB006894C8 /* QiitaAPISampleTests.swift in Sources */ = {isa = PBXBuildFile; fileRef = 5D9B482B1C7850EB006894C8 /* QiitaAPISampleTests.swift */; };
		5D9B48371C7850EB006894C8 /* QiitaAPISampleUITests.swift in Sources */ = {isa = PBXBuildFile; fileRef = 5D9B48361C7850EB006894C8 /* QiitaAPISampleUITests.swift */; };
		5DB135B01C789F4C0044DE02 /* APIClient.swift in Sources */ = {isa = PBXBuildFile; fileRef = 5DB135AF1C789F4C0044DE02 /* APIClient.swift */; };
		C784B54820AD66E6004C9FAF /* Article.swift in Sources */ = {isa = PBXBuildFile; fileRef = C784B54720AD66E6004C9FAF /* Article.swift */; };
/* End PBXBuildFile section */

/* Begin PBXContainerItemProxy section */
		5D9B48281C7850EB006894C8 /* PBXContainerItemProxy */ = {
			isa = PBXContainerItemProxy;
			containerPortal = 5D9B480B1C7850EB006894C8 /* Project object */;
			proxyType = 1;
			remoteGlobalIDString = 5D9B48121C7850EB006894C8;
			remoteInfo = QiitaAPISample;
		};
		5D9B48331C7850EB006894C8 /* PBXContainerItemProxy */ = {
			isa = PBXContainerItemProxy;
			containerPortal = 5D9B480B1C7850EB006894C8 /* Project object */;
			proxyType = 1;
			remoteGlobalIDString = 5D9B48121C7850EB006894C8;
			remoteInfo = QiitaAPISample;
		};
/* End PBXContainerItemProxy section */

/* Begin PBXFileReference section */
		5D98E71F20A87A9900A8F0CD /* ArticleTests.swift */ = {isa = PBXFileReference; lastKnownFileType = sourcecode.swift; path = ArticleTests.swift; sourceTree = "<group>"; };
		5D9B48131C7850EB006894C8 /* QiitaAPISample.app */ = {isa = PBXFileReference; explicitFileType = wrapper.application; includeInIndex = 0; path = QiitaAPISample.app; sourceTree = BUILT_PRODUCTS_DIR; };
		5D9B48161C7850EB006894C8 /* AppDelegate.swift */ = {isa = PBXFileReference; lastKnownFileType = sourcecode.swift; path = AppDelegate.swift; sourceTree = "<group>"; };
		5D9B48181C7850EB006894C8 /* ArticleListViewController.swift */ = {isa = PBXFileReference; lastKnownFileType = sourcecode.swift; path = ArticleListViewController.swift; sourceTree = "<group>"; };
		5D9B481B1C7850EB006894C8 /* Base */ = {isa = PBXFileReference; lastKnownFileType = file.storyboard; name = Base; path = Base.lproj/Main.storyboard; sourceTree = "<group>"; };
		5D9B481D1C7850EB006894C8 /* Assets.xcassets */ = {isa = PBXFileReference; lastKnownFileType = folder.assetcatalog; path = Assets.xcassets; sourceTree = "<group>"; };
		5D9B48221C7850EB006894C8 /* Info.plist */ = {isa = PBXFileReference; lastKnownFileType = text.plist.xml; path = Info.plist; sourceTree = "<group>"; };
		5D9B48271C7850EB006894C8 /* QiitaAPISampleTests.xctest */ = {isa = PBXFileReference; explicitFileType = wrapper.cfbundle; includeInIndex = 0; path = QiitaAPISampleTests.xctest; sourceTree = BUILT_PRODUCTS_DIR; };
		5D9B482B1C7850EB006894C8 /* QiitaAPISampleTests.swift */ = {isa = PBXFileReference; lastKnownFileType = sourcecode.swift; path = QiitaAPISampleTests.swift; sourceTree = "<group>"; };
		5D9B482D1C7850EB006894C8 /* Info.plist */ = {isa = PBXFileReference; lastKnownFileType = text.plist.xml; path = Info.plist; sourceTree = "<group>"; };
		5D9B48321C7850EB006894C8 /* QiitaAPISampleUITests.xctest */ = {isa = PBXFileReference; explicitFileType = wrapper.cfbundle; includeInIndex = 0; path = QiitaAPISampleUITests.xctest; sourceTree = BUILT_PRODUCTS_DIR; };
		5D9B48361C7850EB006894C8 /* QiitaAPISampleUITests.swift */ = {isa = PBXFileReference; lastKnownFileType = sourcecode.swift; path = QiitaAPISampleUITests.swift; sourceTree = "<group>"; };
		5D9B48381C7850EB006894C8 /* Info.plist */ = {isa = PBXFileReference; lastKnownFileType = text.plist.xml; path = Info.plist; sourceTree = "<group>"; };
		5DB135AF1C789F4C0044DE02 /* APIClient.swift */ = {isa = PBXFileReference; fileEncoding = 4; lastKnownFileType = sourcecode.swift; path = APIClient.swift; sourceTree = "<group>"; };
		C784B54720AD66E6004C9FAF /* Article.swift */ = {isa = PBXFileReference; lastKnownFileType = sourcecode.swift; path = Article.swift; sourceTree = "<group>"; };
/* End PBXFileReference section */

/* Begin PBXFrameworksBuildPhase section */
		5D9B48101C7850EB006894C8 /* Frameworks */ = {
			isa = PBXFrameworksBuildPhase;
			buildActionMask = 2147483647;
			files = (
			);
			runOnlyForDeploymentPostprocessing = 0;
		};
		5D9B48241C7850EB006894C8 /* Frameworks */ = {
			isa = PBXFrameworksBuildPhase;
			buildActionMask = 2147483647;
			files = (
			);
			runOnlyForDeploymentPostprocessing = 0;
		};
		5D9B482F1C7850EB006894C8 /* Frameworks */ = {
			isa = PBXFrameworksBuildPhase;
			buildActionMask = 2147483647;
			files = (
			);
			runOnlyForDeploymentPostprocessing = 0;
		};
/* End PBXFrameworksBuildPhase section */

/* Begin PBXGroup section */
		5D98E71C20A8717C00A8F0CD /* Models */ = {
			isa = PBXGroup;
			children = (
				5DB135AF1C789F4C0044DE02 /* APIClient.swift */,
				C784B54720AD66E6004C9FAF /* Article.swift */,
			);
			path = Models;
			sourceTree = "<group>";
		};
		5D98E71E20A8719500A8F0CD /* Views */ = {
			isa = PBXGroup;
			children = (
				5D9B481A1C7850EB006894C8 /* Main.storyboard */,
				5D9B48181C7850EB006894C8 /* ArticleListViewController.swift */,
			);
			path = Views;
			sourceTree = "<group>";
		};
		5D9B480A1C7850EB006894C8 = {
			isa = PBXGroup;
			children = (
				5D9B48151C7850EB006894C8 /* QiitaAPISample */,
				5D9B482A1C7850EB006894C8 /* QiitaAPISampleTests */,
				5D9B48351C7850EB006894C8 /* QiitaAPISampleUITests */,
				5D9B48141C7850EB006894C8 /* Products */,
			);
			sourceTree = "<group>";
		};
		5D9B48141C7850EB006894C8 /* Products */ = {
			isa = PBXGroup;
			children = (
				5D9B48131C7850EB006894C8 /* QiitaAPISample.app */,
				5D9B48271C7850EB006894C8 /* QiitaAPISampleTests.xctest */,
				5D9B48321C7850EB006894C8 /* QiitaAPISampleUITests.xctest */,
			);
			name = Products;
			sourceTree = "<group>";
		};
		5D9B48151C7850EB006894C8 /* QiitaAPISample */ = {
			isa = PBXGroup;
			children = (
				5D9B48161C7850EB006894C8 /* AppDelegate.swift */,
				5D98E71C20A8717C00A8F0CD /* Models */,
				5D98E71E20A8719500A8F0CD /* Views */,
				5D9B481D1C7850EB006894C8 /* Assets.xcassets */,
				5D9B48221C7850EB006894C8 /* Info.plist */,
			);
			path = QiitaAPISample;
			sourceTree = "<group>";
		};
		5D9B482A1C7850EB006894C8 /* QiitaAPISampleTests */ = {
			isa = PBXGroup;
			children = (
				5D9B482B1C7850EB006894C8 /* QiitaAPISampleTests.swift */,
				5D9B482D1C7850EB006894C8 /* Info.plist */,
				5D98E71F20A87A9900A8F0CD /* ArticleTests.swift */,
			);
			path = QiitaAPISampleTests;
			sourceTree = "<group>";
		};
		5D9B48351C7850EB006894C8 /* QiitaAPISampleUITests */ = {
			isa = PBXGroup;
			children = (
				5D9B48361C7850EB006894C8 /* QiitaAPISampleUITests.swift */,
				5D9B48381C7850EB006894C8 /* Info.plist */,
			);
			path = QiitaAPISampleUITests;
			sourceTree = "<group>";
		};
/* End PBXGroup section */

/* Begin PBXNativeTarget section */
		5D9B48121C7850EB006894C8 /* QiitaAPISample */ = {
			isa = PBXNativeTarget;
			buildConfigurationList = 5D9B483B1C7850EB006894C8 /* Build configuration list for PBXNativeTarget "QiitaAPISample" */;
			buildPhases = (
				5D9B480F1C7850EB006894C8 /* Sources */,
				5D9B48101C7850EB006894C8 /* Frameworks */,
				5D9B48111C7850EB006894C8 /* Resources */,
			);
			buildRules = (
			);
			dependencies = (
			);
			name = QiitaAPISample;
			productName = QiitaAPISample;
			productReference = 5D9B48131C7850EB006894C8 /* QiitaAPISample.app */;
			productType = "com.apple.product-type.application";
		};
		5D9B48261C7850EB006894C8 /* QiitaAPISampleTests */ = {
			isa = PBXNativeTarget;
			buildConfigurationList = 5D9B483E1C7850EB006894C8 /* Build configuration list for PBXNativeTarget "QiitaAPISampleTests" */;
			buildPhases = (
				5D9B48231C7850EB006894C8 /* Sources */,
				5D9B48241C7850EB006894C8 /* Frameworks */,
				5D9B48251C7850EB006894C8 /* Resources */,
			);
			buildRules = (
			);
			dependencies = (
				5D9B48291C7850EB006894C8 /* PBXTargetDependency */,
			);
			name = QiitaAPISampleTests;
			productName = QiitaAPISampleTests;
			productReference = 5D9B48271C7850EB006894C8 /* QiitaAPISampleTests.xctest */;
			productType = "com.apple.product-type.bundle.unit-test";
		};
		5D9B48311C7850EB006894C8 /* QiitaAPISampleUITests */ = {
			isa = PBXNativeTarget;
			buildConfigurationList = 5D9B48411C7850EB006894C8 /* Build configuration list for PBXNativeTarget "QiitaAPISampleUITests" */;
			buildPhases = (
				5D9B482E1C7850EB006894C8 /* Sources */,
				5D9B482F1C7850EB006894C8 /* Frameworks */,
				5D9B48301C7850EB006894C8 /* Resources */,
			);
			buildRules = (
			);
			dependencies = (
				5D9B48341C7850EB006894C8 /* PBXTargetDependency */,
			);
			name = QiitaAPISampleUITests;
			productName = QiitaAPISampleUITests;
			productReference = 5D9B48321C7850EB006894C8 /* QiitaAPISampleUITests.xctest */;
			productType = "com.apple.product-type.bundle.ui-testing";
		};
/* End PBXNativeTarget section */

/* Begin PBXProject section */
		5D9B480B1C7850EB006894C8 /* Project object */ = {
			isa = PBXProject;
			attributes = {
				LastSwiftUpdateCheck = 0720;
				LastUpgradeCheck = 0930;
				ORGANIZATIONNAME = macneko.leno;
				TargetAttributes = {
					5D9B48121C7850EB006894C8 = {
						CreatedOnToolsVersion = 7.2;
						DevelopmentTeam = 2FZSDA66L9;
						LastSwiftMigration = 0810;
					};
					5D9B48261C7850EB006894C8 = {
						CreatedOnToolsVersion = 7.2;
						LastSwiftMigration = 0810;
						TestTargetID = 5D9B48121C7850EB006894C8;
					};
					5D9B48311C7850EB006894C8 = {
						CreatedOnToolsVersion = 7.2;
						LastSwiftMigration = 0810;
						TestTargetID = 5D9B48121C7850EB006894C8;
					};
				};
			};
			buildConfigurationList = 5D9B480E1C7850EB006894C8 /* Build configuration list for PBXProject "QiitaAPISample" */;
			compatibilityVersion = "Xcode 3.2";
			developmentRegion = English;
			hasScannedForEncodings = 0;
			knownRegions = (
				en,
				Base,
			);
			mainGroup = 5D9B480A1C7850EB006894C8;
			productRefGroup = 5D9B48141C7850EB006894C8 /* Products */;
			projectDirPath = "";
			projectRoot = "";
			targets = (
				5D9B48121C7850EB006894C8 /* QiitaAPISample */,
				5D9B48261C7850EB006894C8 /* QiitaAPISampleTests */,
				5D9B48311C7850EB006894C8 /* QiitaAPISampleUITests */,
			);
		};
/* End PBXProject section */

/* Begin PBXResourcesBuildPhase section */
		5D9B48111C7850EB006894C8 /* Resources */ = {
			isa = PBXResourcesBuildPhase;
			buildActionMask = 2147483647;
			files = (
				5D9B481E1C7850EB006894C8 /* Assets.xcassets in Resources */,
				5D9B481C1C7850EB006894C8 /* Main.storyboard in Resources */,
			);
			runOnlyForDeploymentPostprocessing = 0;
		};
		5D9B48251C7850EB006894C8 /* Resources */ = {
			isa = PBXResourcesBuildPhase;
			buildActionMask = 2147483647;
			files = (
			);
			runOnlyForDeploymentPostprocessing = 0;
		};
		5D9B48301C7850EB006894C8 /* Resources */ = {
			isa = PBXResourcesBuildPhase;
			buildActionMask = 2147483647;
			files = (
			);
			runOnlyForDeploymentPostprocessing = 0;
		};
/* End PBXResourcesBuildPhase section */

/* Begin PBXSourcesBuildPhase section */
		5D9B480F1C7850EB006894C8 /* Sources */ = {
			isa = PBXSourcesBuildPhase;
			buildActionMask = 2147483647;
			files = (
				5D9B48191C7850EB006894C8 /* ArticleListViewController.swift in Sources */,
				C784B54820AD66E6004C9FAF /* Article.swift in Sources */,
				5D9B48171C7850EB006894C8 /* AppDelegate.swift in Sources */,
				5DB135B01C789F4C0044DE02 /* APIClient.swift in Sources */,
			);
			runOnlyForDeploymentPostprocessing = 0;
		};
		5D9B48231C7850EB006894C8 /* Sources */ = {
			isa = PBXSourcesBuildPhase;
			buildActionMask = 2147483647;
			files = (
				5D9B482C1C7850EB006894C8 /* QiitaAPISampleTests.swift in Sources */,
				5D98E72020A87A9900A8F0CD /* ArticleTests.swift in Sources */,
			);
			runOnlyForDeploymentPostprocessing = 0;
		};
		5D9B482E1C7850EB006894C8 /* Sources */ = {
			isa = PBXSourcesBuildPhase;
			buildActionMask = 2147483647;
			files = (
				5D9B48371C7850EB006894C8 /* QiitaAPISampleUITests.swift in Sources */,
			);
			runOnlyForDeploymentPostprocessing = 0;
		};
/* End PBXSourcesBuildPhase section */

/* Begin PBXTargetDependency section */
		5D9B48291C7850EB006894C8 /* PBXTargetDependency */ = {
			isa = PBXTargetDependency;
			target = 5D9B48121C7850EB006894C8 /* QiitaAPISample */;
			targetProxy = 5D9B48281C7850EB006894C8 /* PBXContainerItemProxy */;
		};
		5D9B48341C7850EB006894C8 /* PBXTargetDependency */ = {
			isa = PBXTargetDependency;
			target = 5D9B48121C7850EB006894C8 /* QiitaAPISample */;
			targetProxy = 5D9B48331C7850EB006894C8 /* PBXContainerItemProxy */;
		};
/* End PBXTargetDependency section */

/* Begin PBXVariantGroup section */
		5D9B481A1C7850EB006894C8 /* Main.storyboard */ = {
			isa = PBXVariantGroup;
			children = (
				5D9B481B1C7850EB006894C8 /* Base */,
			);
			name = Main.storyboard;
			sourceTree = "<group>";
		};
/* End PBXVariantGroup section */

/* Begin XCBuildConfiguration section */
		5D9B48391C7850EB006894C8 /* Debug */ = {
			isa = XCBuildConfiguration;
			buildSettings = {
				ALWAYS_SEARCH_USER_PATHS = NO;
				CLANG_CXX_LANGUAGE_STANDARD = "gnu++0x";
				CLANG_CXX_LIBRARY = "libc++";
				CLANG_ENABLE_MODULES = YES;
				CLANG_ENABLE_OBJC_ARC = YES;
				CLANG_WARN_BLOCK_CAPTURE_AUTORELEASING = YES;
				CLANG_WARN_BOOL_CONVERSION = YES;
				CLANG_WARN_COMMA = YES;
				CLANG_WARN_CONSTANT_CONVERSION = YES;
				CLANG_WARN_DEPRECATED_OBJC_IMPLEMENTATIONS = YES;
				CLANG_WARN_DIRECT_OBJC_ISA_USAGE = YES_ERROR;
				CLANG_WARN_EMPTY_BODY = YES;
				CLANG_WARN_ENUM_CONVERSION = YES;
				CLANG_WARN_INFINITE_RECURSION = YES;
				CLANG_WARN_INT_CONVERSION = YES;
				CLANG_WARN_NON_LITERAL_NULL_CONVERSION = YES;
				CLANG_WARN_OBJC_IMPLICIT_RETAIN_SELF = YES;
				CLANG_WARN_OBJC_LITERAL_CONVERSION = YES;
				CLANG_WARN_OBJC_ROOT_CLASS = YES_ERROR;
				CLANG_WARN_RANGE_LOOP_ANALYSIS = YES;
				CLANG_WARN_STRICT_PROTOTYPES = YES;
				CLANG_WARN_SUSPICIOUS_MOVE = YES;
				CLANG_WARN_UNREACHABLE_CODE = YES;
				CLANG_WARN__DUPLICATE_METHOD_MATCH = YES;
				"CODE_SIGN_IDENTITY[sdk=iphoneos*]" = "iPhone Developer";
				COPY_PHASE_STRIP = NO;
				DEBUG_INFORMATION_FORMAT = dwarf;
				ENABLE_STRICT_OBJC_MSGSEND = YES;
				ENABLE_TESTABILITY = YES;
				GCC_C_LANGUAGE_STANDARD = gnu99;
				GCC_DYNAMIC_NO_PIC = NO;
				GCC_NO_COMMON_BLOCKS = YES;
				GCC_OPTIMIZATION_LEVEL = 0;
				GCC_PREPROCESSOR_DEFINITIONS = (
					"DEBUG=1",
					"$(inherited)",
				);
				GCC_WARN_64_TO_32_BIT_CONVERSION = YES;
				GCC_WARN_ABOUT_RETURN_TYPE = YES_ERROR;
				GCC_WARN_UNDECLARED_SELECTOR = YES;
				GCC_WARN_UNINITIALIZED_AUTOS = YES_AGGRESSIVE;
				GCC_WARN_UNUSED_FUNCTION = YES;
				GCC_WARN_UNUSED_VARIABLE = YES;
				IPHONEOS_DEPLOYMENT_TARGET = 9.2;
				MTL_ENABLE_DEBUG_INFO = YES;
				ONLY_ACTIVE_ARCH = YES;
				SDKROOT = iphoneos;
				SWIFT_OPTIMIZATION_LEVEL = "-Onone";
				SWIFT_VERSION = 4.0;
			};
			name = Debug;
		};
		5D9B483A1C7850EB006894C8 /* Release */ = {
			isa = XCBuildConfiguration;
			buildSettings = {
				ALWAYS_SEARCH_USER_PATHS = NO;
				CLANG_CXX_LANGUAGE_STANDARD = "gnu++0x";
				CLANG_CXX_LIBRARY = "libc++";
				CLANG_ENABLE_MODULES = YES;
				CLANG_ENABLE_OBJC_ARC = YES;
				CLANG_WARN_BLOCK_CAPTURE_AUTORELEASING = YES;
				CLANG_WARN_BOOL_CONVERSION = YES;
				CLANG_WARN_COMMA = YES;
				CLANG_WARN_CONSTANT_CONVERSION = YES;
				CLANG_WARN_DEPRECATED_OBJC_IMPLEMENTATIONS = YES;
				CLANG_WARN_DIRECT_OBJC_ISA_USAGE = YES_ERROR;
				CLANG_WARN_EMPTY_BODY = YES;
				CLANG_WARN_ENUM_CONVERSION = YES;
				CLANG_WARN_INFINITE_RECURSION = YES;
				CLANG_WARN_INT_CONVERSION = YES;
				CLANG_WARN_NON_LITERAL_NULL_CONVERSION = YES;
				CLANG_WARN_OBJC_IMPLICIT_RETAIN_SELF = YES;
				CLANG_WARN_OBJC_LITERAL_CONVERSION = YES;
				CLANG_WARN_OBJC_ROOT_CLASS = YES_ERROR;
				CLANG_WARN_RANGE_LOOP_ANALYSIS = YES;
				CLANG_WARN_STRICT_PROTOTYPES = YES;
				CLANG_WARN_SUSPICIOUS_MOVE = YES;
				CLANG_WARN_UNREACHABLE_CODE = YES;
				CLANG_WARN__DUPLICATE_METHOD_MATCH = YES;
				"CODE_SIGN_IDENTITY[sdk=iphoneos*]" = "iPhone Developer";
				COPY_PHASE_STRIP = NO;
				DEBUG_INFORMATION_FORMAT = "dwarf-with-dsym";
				ENABLE_NS_ASSERTIONS = NO;
				ENABLE_STRICT_OBJC_MSGSEND = YES;
				GCC_C_LANGUAGE_STANDARD = gnu99;
				GCC_NO_COMMON_BLOCKS = YES;
				GCC_WARN_64_TO_32_BIT_CONVERSION = YES;
				GCC_WARN_ABOUT_RETURN_TYPE = YES_ERROR;
				GCC_WARN_UNDECLARED_SELECTOR = YES;
				GCC_WARN_UNINITIALIZED_AUTOS = YES_AGGRESSIVE;
				GCC_WARN_UNUSED_FUNCTION = YES;
				GCC_WARN_UNUSED_VARIABLE = YES;
				IPHONEOS_DEPLOYMENT_TARGET = 9.2;
				MTL_ENABLE_DEBUG_INFO = NO;
				SDKROOT = iphoneos;
				SWIFT_COMPILATION_MODE = wholemodule;
				SWIFT_VERSION = 4.0;
				VALIDATE_PRODUCT = YES;
			};
			name = Release;
		};
		5D9B483C1C7850EB006894C8 /* Debug */ = {
			isa = XCBuildConfiguration;
			buildSettings = {
				ASSETCATALOG_COMPILER_APPICON_NAME = AppIcon;
				CODE_SIGN_IDENTITY = "iPhone Developer";
				"CODE_SIGN_IDENTITY[sdk=iphoneos*]" = "iPhone Developer";
				INFOPLIST_FILE = QiitaAPISample/Info.plist;
				IPHONEOS_DEPLOYMENT_TARGET = 9.0;
				LD_RUNPATH_SEARCH_PATHS = "$(inherited) @executable_path/Frameworks";
				PRODUCT_BUNDLE_IDENTIFIER = com.macneko.leno.QiitaAPISample;
				PRODUCT_NAME = "$(TARGET_NAME)";
				PROVISIONING_PROFILE = "";
				SWIFT_VERSION = 4.0;
			};
			name = Debug;
		};
		5D9B483D1C7850EB006894C8 /* Release */ = {
			isa = XCBuildConfiguration;
			buildSettings = {
				ASSETCATALOG_COMPILER_APPICON_NAME = AppIcon;
				CODE_SIGN_IDENTITY = "iPhone Developer";
				"CODE_SIGN_IDENTITY[sdk=iphoneos*]" = "iPhone Developer";
				INFOPLIST_FILE = QiitaAPISample/Info.plist;
				IPHONEOS_DEPLOYMENT_TARGET = 9.0;
				LD_RUNPATH_SEARCH_PATHS = "$(inherited) @executable_path/Frameworks";
				PRODUCT_BUNDLE_IDENTIFIER = com.macneko.leno.QiitaAPISample;
				PRODUCT_NAME = "$(TARGET_NAME)";
				PROVISIONING_PROFILE = "";
				SWIFT_VERSION = 4.0;
			};
			name = Release;
		};
		5D9B483F1C7850EB006894C8 /* Debug */ = {
			isa = XCBuildConfiguration;
			buildSettings = {
				BUNDLE_LOADER = "$(TEST_HOST)";
				INFOPLIST_FILE = QiitaAPISampleTests/Info.plist;
				LD_RUNPATH_SEARCH_PATHS = "$(inherited) @executable_path/Frameworks @loader_path/Frameworks";
				PRODUCT_BUNDLE_IDENTIFIER = com.macneko.leno.QiitaAPISampleTests;
				PRODUCT_NAME = "$(TARGET_NAME)";
				SWIFT_VERSION = 4.0;
				TEST_HOST = "$(BUILT_PRODUCTS_DIR)/QiitaAPISample.app/QiitaAPISample";
			};
			name = Debug;
		};
		5D9B48401C7850EB006894C8 /* Release */ = {
			isa = XCBuildConfiguration;
			buildSettings = {
				BUNDLE_LOADER = "$(TEST_HOST)";
				INFOPLIST_FILE = QiitaAPISampleTests/Info.plist;
				LD_RUNPATH_SEARCH_PATHS = "$(inherited) @executable_path/Frameworks @loader_path/Frameworks";
				PRODUCT_BUNDLE_IDENTIFIER = com.macneko.leno.QiitaAPISampleTests;
				PRODUCT_NAME = "$(TARGET_NAME)";
				SWIFT_VERSION = 4.0;
				TEST_HOST = "$(BUILT_PRODUCTS_DIR)/QiitaAPISample.app/QiitaAPISample";
			};
			name = Release;
		};
		5D9B48421C7850EB006894C8 /* Debug */ = {
			isa = XCBuildConfiguration;
			buildSettings = {
				INFOPLIST_FILE = QiitaAPISampleUITests/Info.plist;
				LD_RUNPATH_SEARCH_PATHS = "$(inherited) @executable_path/Frameworks @loader_path/Frameworks";
				PRODUCT_BUNDLE_IDENTIFIER = com.macneko.leno.QiitaAPISampleUITests;
				PRODUCT_NAME = "$(TARGET_NAME)";
				SWIFT_VERSION = 4.0;
				TEST_TARGET_NAME = QiitaAPISample;
				USES_XCTRUNNER = YES;
			};
			name = Debug;
		};
		5D9B48431C7850EB006894C8 /* Release */ = {
			isa = XCBuildConfiguration;
			buildSettings = {
				INFOPLIST_FILE = QiitaAPISampleUITests/Info.plist;
				LD_RUNPATH_SEARCH_PATHS = "$(inherited) @executable_path/Frameworks @loader_path/Frameworks";
				PRODUCT_BUNDLE_IDENTIFIER = com.macneko.leno.QiitaAPISampleUITests;
				PRODUCT_NAME = "$(TARGET_NAME)";
				SWIFT_VERSION = 4.0;
				TEST_TARGET_NAME = QiitaAPISample;
				USES_XCTRUNNER = YES;
			};
			name = Release;
		};
/* End XCBuildConfiguration section */

/* Begin XCConfigurationList section */
		5D9B480E1C7850EB006894C8 /* Build configuration list for PBXProject "QiitaAPISample" */ = {
			isa = XCConfigurationList;
			buildConfigurations = (
				5D9B48391C7850EB006894C8 /* Debug */,
				5D9B483A1C7850EB006894C8 /* Release */,
			);
			defaultConfigurationIsVisible = 0;
			defaultConfigurationName = Release;
		};
		5D9B483B1C7850EB006894C8 /* Build configuration list for PBXNativeTarget "QiitaAPISample" */ = {
			isa = XCConfigurationList;
			buildConfigurations = (
				5D9B483C1C7850EB006894C8 /* Debug */,
				5D9B483D1C7850EB006894C8 /* Release */,
			);
			defaultConfigurationIsVisible = 0;
			defaultConfigurationName = Release;
		};
		5D9B483E1C7850EB006894C8 /* Build configuration list for PBXNativeTarget "QiitaAPISampleTests" */ = {
			isa = XCConfigurationList;
			buildConfigurations = (
				5D9B483F1C7850EB006894C8 /* Debug */,
				5D9B48401C7850EB006894C8 /* Release */,
			);
			defaultConfigurationIsVisible = 0;
			defaultConfigurationName = Release;
		};
		5D9B48411C7850EB006894C8 /* Build configuration list for PBXNativeTarget "QiitaAPISampleUITests" */ = {
			isa = XCConfigurationList;
			buildConfigurations = (
				5D9B48421C7850EB006894C8 /* Debug */,
				5D9B48431C7850EB006894C8 /* Release */,
			);
			defaultConfigurationIsVisible = 0;
			defaultConfigurationName = Release;
		};
/* End XCConfigurationList section */
	};
	rootObject = 5D9B480B1C7850EB006894C8 /* Project object */;
}
